{
  "nodes": {
    "nixpkgs": {
      "locked": {
        "lastModified": 1617636226,
        "narHash": "sha256-iZhBWrOR2DoDs1C+0FlnM9AQLMol/qoGQ+d+S43CKJM=",
        "owner": "NixOS",
        "repo": "nixpkgs",
        "rev": "3d1a7716d7f1fccbd7d30ab3b2ed3db831f43bde",
        "type": "github"
      },
      "original": {
        "owner": "NixOS",
        "ref": "nixos-unstable",
        "repo": "nixpkgs",
        "type": "github"
      }
    },
    "root": {
      "inputs": {
        "nixpkgs": "nixpkgs",
        "utils": "utils"
      }
    },
    "utils": {
      "locked": {
        "lastModified": 1613500319,
        "narHash": "sha256-ybAq6pImFCSnwyhhmnnvV567JM4GuhCEG/PHBkSS86U=",
        "owner": "kreisys",
        "repo": "flake-utils",
        "rev": "28e72370213c9bc2cf094ab07b8ac95f3c6bb60f",
        "type": "github"
      },
      "original": {
        "owner": "kreisys",
        "repo": "flake-utils",
        "type": "github"
      }
    }
  },
  "root": "root",
  "version": 7
}
